
Microsoft Visual Studio Solution File, Format Version 12.00
# Visual Studio Version 16
VisualStudioVersion = 16.0.34031.81
MinimumVisualStudioVersion = 10.0.40219.1
Project("{FAE04EC0-301F-11D3-BF4B-00C04F79EFBC}") = "ConsoleApp11", "ConsoleApp11\ConsoleApp11.csproj", "{DA259729-FECE-43EF-B35F-4FDAF2B05C61}"
EndProject
Global
	GlobalSection(SolutionConfigurationPlatforms) = preSolution
		Debug|Any CPU = Debug|Any CPU
		Release|Any CPU = Release|Any CPU
	EndGlobalSection
	GlobalSection(ProjectConfigurationPlatforms) = postSolution
		{DA259729-FECE-43EF-B35F-4FDAF2B05C61}.Debug|Any CPU.ActiveCfg = Debug|Any CPU
		{DA259729-FECE-43EF-B35F-4FDAF2B05C61}.Debug|Any CPU.Build.0 = Debug|Any CPU
		{DA259729-FECE-43EF-B35F-4FDAF2B05C61}.Release|Any CPU.ActiveCfg = Release|Any CPU
		{DA259729-FECE-43EF-B35F-4FDAF2B05C61}.Release|Any CPU.Build.0 = Release|Any CPU
	EndGlobalSection
	GlobalSection(SolutionProperties) = preSolution
		HideSolutionNode = FALSE
	EndGlobalSection
	GlobalSection(ExtensibilityGlobals) = postSolution
		SolutionGuid = {55D1AD7A-5FA9-4A4E-B6FC-9442DE18DD15}
	EndGlobalSection
EndGlobal
