
Microsoft Visual Studio Solution File, Format Version 12.00
# Visual Studio Version 16
VisualStudioVersion = 16.0.33328.57
MinimumVisualStudioVersion = 10.0.40219.1
Project("{FAE04EC0-301F-11D3-BF4B-00C04F79EFBC}") = "ConsoleApp4", "ConsoleApp4\ConsoleApp4.csproj", "{A35A454F-1166-4D34-B471-C6062843EBAF}"
EndProject
Global
	GlobalSection(SolutionConfigurationPlatforms) = preSolution
		Debug|Any CPU = Debug|Any CPU
		Release|Any CPU = Release|Any CPU
	EndGlobalSection
	GlobalSection(ProjectConfigurationPlatforms) = postSolution
		{A35A454F-1166-4D34-B471-C6062843EBAF}.Debug|Any CPU.ActiveCfg = Debug|Any CPU
		{A35A454F-1166-4D34-B471-C6062843EBAF}.Debug|Any CPU.Build.0 = Debug|Any CPU
		{A35A454F-1166-4D34-B471-C6062843EBAF}.Release|Any CPU.ActiveCfg = Release|Any CPU
		{A35A454F-1166-4D34-B471-C6062843EBAF}.Release|Any CPU.Build.0 = Release|Any CPU
	EndGlobalSection
	GlobalSection(SolutionProperties) = preSolution
		HideSolutionNode = FALSE
	EndGlobalSection
	GlobalSection(ExtensibilityGlobals) = postSolution
		SolutionGuid = {68E41DAA-6CAF-4EB7-A00A-EE179B6C271A}
	EndGlobalSection
EndGlobal
