
Microsoft Visual Studio Solution File, Format Version 12.00
# Visual Studio Version 16
VisualStudioVersion = 16.0.33328.57
MinimumVisualStudioVersion = 10.0.40219.1
Project("{FAE04EC0-301F-11D3-BF4B-00C04F79EFBC}") = "ConsoleApp5", "ConsoleApp5\ConsoleApp5.csproj", "{23793825-7DFD-46CB-8DF9-5A26FCD58473}"
EndProject
Global
	GlobalSection(SolutionConfigurationPlatforms) = preSolution
		Debug|Any CPU = Debug|Any CPU
		Release|Any CPU = Release|Any CPU
	EndGlobalSection
	GlobalSection(ProjectConfigurationPlatforms) = postSolution
		{23793825-7DFD-46CB-8DF9-5A26FCD58473}.Debug|Any CPU.ActiveCfg = Debug|Any CPU
		{23793825-7DFD-46CB-8DF9-5A26FCD58473}.Debug|Any CPU.Build.0 = Debug|Any CPU
		{23793825-7DFD-46CB-8DF9-5A26FCD58473}.Release|Any CPU.ActiveCfg = Release|Any CPU
		{23793825-7DFD-46CB-8DF9-5A26FCD58473}.Release|Any CPU.Build.0 = Release|Any CPU
	EndGlobalSection
	GlobalSection(SolutionProperties) = preSolution
		HideSolutionNode = FALSE
	EndGlobalSection
	GlobalSection(ExtensibilityGlobals) = postSolution
		SolutionGuid = {234B898A-260C-4C28-A624-24070B9C0C69}
	EndGlobalSection
EndGlobal
