
Microsoft Visual Studio Solution File, Format Version 12.00
# Visual Studio Version 16
VisualStudioVersion = 16.0.33529.622
MinimumVisualStudioVersion = 10.0.40219.1
Project("{FAE04EC0-301F-11D3-BF4B-00C04F79EFBC}") = "ConsoleApp3", "ConsoleApp3\ConsoleApp3.csproj", "{A33E9B14-8D9A-4043-91DD-45142B1F2546}"
EndProject
Global
	GlobalSection(SolutionConfigurationPlatforms) = preSolution
		Debug|Any CPU = Debug|Any CPU
		Release|Any CPU = Release|Any CPU
	EndGlobalSection
	GlobalSection(ProjectConfigurationPlatforms) = postSolution
		{A33E9B14-8D9A-4043-91DD-45142B1F2546}.Debug|Any CPU.ActiveCfg = Debug|Any CPU
		{A33E9B14-8D9A-4043-91DD-45142B1F2546}.Debug|Any CPU.Build.0 = Debug|Any CPU
		{A33E9B14-8D9A-4043-91DD-45142B1F2546}.Release|Any CPU.ActiveCfg = Release|Any CPU
		{A33E9B14-8D9A-4043-91DD-45142B1F2546}.Release|Any CPU.Build.0 = Release|Any CPU
	EndGlobalSection
	GlobalSection(SolutionProperties) = preSolution
		HideSolutionNode = FALSE
	EndGlobalSection
	GlobalSection(ExtensibilityGlobals) = postSolution
		SolutionGuid = {52749BC1-EF94-4951-BCAA-8216D4AA9754}
	EndGlobalSection
EndGlobal
