
Microsoft Visual Studio Solution File, Format Version 12.00
# Visual Studio Version 17
VisualStudioVersion = 17.9.34310.174
MinimumVisualStudioVersion = 10.0.40219.1
Project("{FAE04EC0-301F-11D3-BF4B-00C04F79EFBC}") = "ConsoleApp12", "ConsoleApp12\ConsoleApp12.csproj", "{CDD8D8A6-14B8-4173-BDA9-75CC5D2E6E81}"
EndProject
Global
	GlobalSection(SolutionConfigurationPlatforms) = preSolution
		Debug|Any CPU = Debug|Any CPU
		Release|Any CPU = Release|Any CPU
	EndGlobalSection
	GlobalSection(ProjectConfigurationPlatforms) = postSolution
		{CDD8D8A6-14B8-4173-BDA9-75CC5D2E6E81}.Debug|Any CPU.ActiveCfg = Debug|Any CPU
		{CDD8D8A6-14B8-4173-BDA9-75CC5D2E6E81}.Debug|Any CPU.Build.0 = Debug|Any CPU
		{CDD8D8A6-14B8-4173-BDA9-75CC5D2E6E81}.Release|Any CPU.ActiveCfg = Release|Any CPU
		{CDD8D8A6-14B8-4173-BDA9-75CC5D2E6E81}.Release|Any CPU.Build.0 = Release|Any CPU
	EndGlobalSection
	GlobalSection(SolutionProperties) = preSolution
		HideSolutionNode = FALSE
	EndGlobalSection
	GlobalSection(ExtensibilityGlobals) = postSolution
		SolutionGuid = {F3C4BE86-1E96-4E84-845F-7B52E19601E3}
	EndGlobalSection
EndGlobal
