
Microsoft Visual Studio Solution File, Format Version 12.00
# Visual Studio Version 16
VisualStudioVersion = 16.0.33529.622
MinimumVisualStudioVersion = 10.0.40219.1
Project("{FAE04EC0-301F-11D3-BF4B-00C04F79EFBC}") = "ConsoleApp5", "ConsoleApp5\ConsoleApp5.csproj", "{3CFDD478-7996-4D46-8DB9-67B6B8DDCBDA}"
EndProject
Global
	GlobalSection(SolutionConfigurationPlatforms) = preSolution
		Debug|Any CPU = Debug|Any CPU
		Release|Any CPU = Release|Any CPU
	EndGlobalSection
	GlobalSection(ProjectConfigurationPlatforms) = postSolution
		{3CFDD478-7996-4D46-8DB9-67B6B8DDCBDA}.Debug|Any CPU.ActiveCfg = Debug|Any CPU
		{3CFDD478-7996-4D46-8DB9-67B6B8DDCBDA}.Debug|Any CPU.Build.0 = Debug|Any CPU
		{3CFDD478-7996-4D46-8DB9-67B6B8DDCBDA}.Release|Any CPU.ActiveCfg = Release|Any CPU
		{3CFDD478-7996-4D46-8DB9-67B6B8DDCBDA}.Release|Any CPU.Build.0 = Release|Any CPU
	EndGlobalSection
	GlobalSection(SolutionProperties) = preSolution
		HideSolutionNode = FALSE
	EndGlobalSection
	GlobalSection(ExtensibilityGlobals) = postSolution
		SolutionGuid = {4E0858BC-5227-403C-900B-4098F3F9A4CF}
	EndGlobalSection
EndGlobal
