
Microsoft Visual Studio Solution File, Format Version 12.00
# Visual Studio Version 16
VisualStudioVersion = 16.0.33529.622
MinimumVisualStudioVersion = 10.0.40219.1
Project("{FAE04EC0-301F-11D3-BF4B-00C04F79EFBC}") = "ConsoleApp5", "ConsoleApp5\ConsoleApp5.csproj", "{0C83C359-F773-48CE-9C68-52EF24DBB3AE}"
EndProject
Global
	GlobalSection(SolutionConfigurationPlatforms) = preSolution
		Debug|Any CPU = Debug|Any CPU
		Release|Any CPU = Release|Any CPU
	EndGlobalSection
	GlobalSection(ProjectConfigurationPlatforms) = postSolution
		{0C83C359-F773-48CE-9C68-52EF24DBB3AE}.Debug|Any CPU.ActiveCfg = Debug|Any CPU
		{0C83C359-F773-48CE-9C68-52EF24DBB3AE}.Debug|Any CPU.Build.0 = Debug|Any CPU
		{0C83C359-F773-48CE-9C68-52EF24DBB3AE}.Release|Any CPU.ActiveCfg = Release|Any CPU
		{0C83C359-F773-48CE-9C68-52EF24DBB3AE}.Release|Any CPU.Build.0 = Release|Any CPU
	EndGlobalSection
	GlobalSection(SolutionProperties) = preSolution
		HideSolutionNode = FALSE
	EndGlobalSection
	GlobalSection(ExtensibilityGlobals) = postSolution
		SolutionGuid = {2C7AE748-D73B-4309-986C-BFAC248A41C2}
	EndGlobalSection
EndGlobal
