
Microsoft Visual Studio Solution File, Format Version 12.00
# Visual Studio Version 16
VisualStudioVersion = 16.0.33328.57
MinimumVisualStudioVersion = 10.0.40219.1
Project("{FAE04EC0-301F-11D3-BF4B-00C04F79EFBC}") = "ConsoleApp8", "ConsoleApp8\ConsoleApp8.csproj", "{FE3BAE6C-14B4-4ECF-A02F-A612D18712FD}"
EndProject
Global
	GlobalSection(SolutionConfigurationPlatforms) = preSolution
		Debug|Any CPU = Debug|Any CPU
		Release|Any CPU = Release|Any CPU
	EndGlobalSection
	GlobalSection(ProjectConfigurationPlatforms) = postSolution
		{FE3BAE6C-14B4-4ECF-A02F-A612D18712FD}.Debug|Any CPU.ActiveCfg = Debug|Any CPU
		{FE3BAE6C-14B4-4ECF-A02F-A612D18712FD}.Debug|Any CPU.Build.0 = Debug|Any CPU
		{FE3BAE6C-14B4-4ECF-A02F-A612D18712FD}.Release|Any CPU.ActiveCfg = Release|Any CPU
		{FE3BAE6C-14B4-4ECF-A02F-A612D18712FD}.Release|Any CPU.Build.0 = Release|Any CPU
	EndGlobalSection
	GlobalSection(SolutionProperties) = preSolution
		HideSolutionNode = FALSE
	EndGlobalSection
	GlobalSection(ExtensibilityGlobals) = postSolution
		SolutionGuid = {B3E881D1-DEAE-40D1-8D0F-25B236C2FB6E}
	EndGlobalSection
EndGlobal
