
Microsoft Visual Studio Solution File, Format Version 12.00
# Visual Studio Version 16
VisualStudioVersion = 16.0.33328.57
MinimumVisualStudioVersion = 10.0.40219.1
Project("{FAE04EC0-301F-11D3-BF4B-00C04F79EFBC}") = "WindowsFormsApp8", "WindowsFormsApp8\WindowsFormsApp8.csproj", "{70DF5A42-2053-4D2F-85B2-312F14D5E23C}"
EndProject
Global
	GlobalSection(SolutionConfigurationPlatforms) = preSolution
		Debug|Any CPU = Debug|Any CPU
		Release|Any CPU = Release|Any CPU
	EndGlobalSection
	GlobalSection(ProjectConfigurationPlatforms) = postSolution
		{70DF5A42-2053-4D2F-85B2-312F14D5E23C}.Debug|Any CPU.ActiveCfg = Debug|Any CPU
		{70DF5A42-2053-4D2F-85B2-312F14D5E23C}.Debug|Any CPU.Build.0 = Debug|Any CPU
		{70DF5A42-2053-4D2F-85B2-312F14D5E23C}.Release|Any CPU.ActiveCfg = Release|Any CPU
		{70DF5A42-2053-4D2F-85B2-312F14D5E23C}.Release|Any CPU.Build.0 = Release|Any CPU
	EndGlobalSection
	GlobalSection(SolutionProperties) = preSolution
		HideSolutionNode = FALSE
	EndGlobalSection
	GlobalSection(ExtensibilityGlobals) = postSolution
		SolutionGuid = {1DC706D3-44DB-4372-BC9A-DFF7FF1FE8C2}
	EndGlobalSection
EndGlobal
