
Microsoft Visual Studio Solution File, Format Version 12.00
# Visual Studio Version 16
VisualStudioVersion = 16.0.33328.57
MinimumVisualStudioVersion = 10.0.40219.1
Project("{FAE04EC0-301F-11D3-BF4B-00C04F79EFBC}") = "ConsoleApp4", "ConsoleApp4\ConsoleApp4.csproj", "{4A2A483A-4314-4956-BA1D-196726B663EC}"
EndProject
Global
	GlobalSection(SolutionConfigurationPlatforms) = preSolution
		Debug|Any CPU = Debug|Any CPU
		Release|Any CPU = Release|Any CPU
	EndGlobalSection
	GlobalSection(ProjectConfigurationPlatforms) = postSolution
		{4A2A483A-4314-4956-BA1D-196726B663EC}.Debug|Any CPU.ActiveCfg = Debug|Any CPU
		{4A2A483A-4314-4956-BA1D-196726B663EC}.Debug|Any CPU.Build.0 = Debug|Any CPU
		{4A2A483A-4314-4956-BA1D-196726B663EC}.Release|Any CPU.ActiveCfg = Release|Any CPU
		{4A2A483A-4314-4956-BA1D-196726B663EC}.Release|Any CPU.Build.0 = Release|Any CPU
	EndGlobalSection
	GlobalSection(SolutionProperties) = preSolution
		HideSolutionNode = FALSE
	EndGlobalSection
	GlobalSection(ExtensibilityGlobals) = postSolution
		SolutionGuid = {9F5B484C-2A36-4CFD-ADD1-CF95E41FDEF1}
	EndGlobalSection
EndGlobal
