
Microsoft Visual Studio Solution File, Format Version 12.00
# Visual Studio Version 16
VisualStudioVersion = 16.0.33529.622
MinimumVisualStudioVersion = 10.0.40219.1
Project("{FAE04EC0-301F-11D3-BF4B-00C04F79EFBC}") = "ConsoleApp6", "ConsoleApp6\ConsoleApp6.csproj", "{6FD193B5-7E3E-433C-A62D-C49B881C43E0}"
EndProject
Global
	GlobalSection(SolutionConfigurationPlatforms) = preSolution
		Debug|Any CPU = Debug|Any CPU
		Release|Any CPU = Release|Any CPU
	EndGlobalSection
	GlobalSection(ProjectConfigurationPlatforms) = postSolution
		{6FD193B5-7E3E-433C-A62D-C49B881C43E0}.Debug|Any CPU.ActiveCfg = Debug|Any CPU
		{6FD193B5-7E3E-433C-A62D-C49B881C43E0}.Debug|Any CPU.Build.0 = Debug|Any CPU
		{6FD193B5-7E3E-433C-A62D-C49B881C43E0}.Release|Any CPU.ActiveCfg = Release|Any CPU
		{6FD193B5-7E3E-433C-A62D-C49B881C43E0}.Release|Any CPU.Build.0 = Release|Any CPU
	EndGlobalSection
	GlobalSection(SolutionProperties) = preSolution
		HideSolutionNode = FALSE
	EndGlobalSection
	GlobalSection(ExtensibilityGlobals) = postSolution
		SolutionGuid = {31531590-1E71-4FCD-B809-71410F81BA36}
	EndGlobalSection
EndGlobal
