
Microsoft Visual Studio Solution File, Format Version 12.00
# Visual Studio Version 16
VisualStudioVersion = 16.0.33328.57
MinimumVisualStudioVersion = 10.0.40219.1
Project("{FAE04EC0-301F-11D3-BF4B-00C04F79EFBC}") = "ConsoleApp2", "ConsoleApp2\ConsoleApp2.csproj", "{EBF2178E-39AF-4303-A8A5-F50E1057DD08}"
EndProject
Global
	GlobalSection(SolutionConfigurationPlatforms) = preSolution
		Debug|Any CPU = Debug|Any CPU
		Release|Any CPU = Release|Any CPU
	EndGlobalSection
	GlobalSection(ProjectConfigurationPlatforms) = postSolution
		{EBF2178E-39AF-4303-A8A5-F50E1057DD08}.Debug|Any CPU.ActiveCfg = Debug|Any CPU
		{EBF2178E-39AF-4303-A8A5-F50E1057DD08}.Debug|Any CPU.Build.0 = Debug|Any CPU
		{EBF2178E-39AF-4303-A8A5-F50E1057DD08}.Release|Any CPU.ActiveCfg = Release|Any CPU
		{EBF2178E-39AF-4303-A8A5-F50E1057DD08}.Release|Any CPU.Build.0 = Release|Any CPU
	EndGlobalSection
	GlobalSection(SolutionProperties) = preSolution
		HideSolutionNode = FALSE
	EndGlobalSection
	GlobalSection(ExtensibilityGlobals) = postSolution
		SolutionGuid = {53AE31C3-BE56-47A9-A94B-3A670764C9A4}
	EndGlobalSection
EndGlobal
