
Microsoft Visual Studio Solution File, Format Version 12.00
# Visual Studio Version 16
VisualStudioVersion = 16.0.33529.622
MinimumVisualStudioVersion = 10.0.40219.1
Project("{FAE04EC0-301F-11D3-BF4B-00C04F79EFBC}") = "1", "1\1.csproj", "{00F9AD6E-947A-4579-944A-DA3E862CFAE4}"
EndProject
Project("{FAE04EC0-301F-11D3-BF4B-00C04F79EFBC}") = "2", "2\2.csproj", "{1A515DA4-E203-464B-BEA1-0BE6AA86E601}"
EndProject
Project("{FAE04EC0-301F-11D3-BF4B-00C04F79EFBC}") = "3", "3\3.csproj", "{2C549A90-46D0-4E35-8279-C5F2880326A2}"
EndProject
Project("{FAE04EC0-301F-11D3-BF4B-00C04F79EFBC}") = "4", "4\4.csproj", "{3D263C97-3022-479F-B5CA-B1AD074282CE}"
EndProject
Project("{FAE04EC0-301F-11D3-BF4B-00C04F79EFBC}") = "5", "5\5.csproj", "{56C5A939-339C-4DF0-BB50-25E620FE6395}"
EndProject
Project("{FAE04EC0-301F-11D3-BF4B-00C04F79EFBC}") = "6", "6\6.csproj", "{0939F738-5EE9-49E7-8DB4-FC327560000B}"
EndProject
Project("{FAE04EC0-301F-11D3-BF4B-00C04F79EFBC}") = "7", "7\7.csproj", "{670A73BA-0F12-4D98-8E5B-6BD2581A0A6D}"
EndProject
Project("{FAE04EC0-301F-11D3-BF4B-00C04F79EFBC}") = "8", "8\8.csproj", "{97635869-D1FC-4546-B252-BF83464474F2}"
EndProject
Project("{FAE04EC0-301F-11D3-BF4B-00C04F79EFBC}") = "9", "9\9.csproj", "{B6D536F4-6FFE-4859-8A29-2D3F15B49EB3}"
EndProject
Project("{FAE04EC0-301F-11D3-BF4B-00C04F79EFBC}") = "10", "10\10.csproj", "{92CFE26A-2EB0-4EFB-83E3-B6D1168CC6B7}"
EndProject
Project("{FAE04EC0-301F-11D3-BF4B-00C04F79EFBC}") = "11", "11\11.csproj", "{8DCD98CB-CB2D-42DA-8B05-0022B96613CE}"
EndProject
Project("{FAE04EC0-301F-11D3-BF4B-00C04F79EFBC}") = "12", "12\12.csproj", "{A4387C58-5A59-4789-B869-B0BE87F6CDCC}"
EndProject
Project("{FAE04EC0-301F-11D3-BF4B-00C04F79EFBC}") = "13", "13\13.csproj", "{BDCC2E9E-E5EF-466C-ADEC-460CF28FB614}"
EndProject
Global
	GlobalSection(SolutionConfigurationPlatforms) = preSolution
		Debug|Any CPU = Debug|Any CPU
		Release|Any CPU = Release|Any CPU
	EndGlobalSection
	GlobalSection(ProjectConfigurationPlatforms) = postSolution
		{00F9AD6E-947A-4579-944A-DA3E862CFAE4}.Debug|Any CPU.ActiveCfg = Debug|Any CPU
		{00F9AD6E-947A-4579-944A-DA3E862CFAE4}.Debug|Any CPU.Build.0 = Debug|Any CPU
		{00F9AD6E-947A-4579-944A-DA3E862CFAE4}.Release|Any CPU.ActiveCfg = Release|Any CPU
		{00F9AD6E-947A-4579-944A-DA3E862CFAE4}.Release|Any CPU.Build.0 = Release|Any CPU
		{1A515DA4-E203-464B-BEA1-0BE6AA86E601}.Debug|Any CPU.ActiveCfg = Debug|Any CPU
		{1A515DA4-E203-464B-BEA1-0BE6AA86E601}.Debug|Any CPU.Build.0 = Debug|Any CPU
		{1A515DA4-E203-464B-BEA1-0BE6AA86E601}.Release|Any CPU.ActiveCfg = Release|Any CPU
		{1A515DA4-E203-464B-BEA1-0BE6AA86E601}.Release|Any CPU.Build.0 = Release|Any CPU
		{2C549A90-46D0-4E35-8279-C5F2880326A2}.Debug|Any CPU.ActiveCfg = Debug|Any CPU
		{2C549A90-46D0-4E35-8279-C5F2880326A2}.Debug|Any CPU.Build.0 = Debug|Any CPU
		{2C549A90-46D0-4E35-8279-C5F2880326A2}.Release|Any CPU.ActiveCfg = Release|Any CPU
		{2C549A90-46D0-4E35-8279-C5F2880326A2}.Release|Any CPU.Build.0 = Release|Any CPU
		{3D263C97-3022-479F-B5CA-B1AD074282CE}.Debug|Any CPU.ActiveCfg = Debug|Any CPU
		{3D263C97-3022-479F-B5CA-B1AD074282CE}.Debug|Any CPU.Build.0 = Debug|Any CPU
		{3D263C97-3022-479F-B5CA-B1AD074282CE}.Release|Any CPU.ActiveCfg = Release|Any CPU
		{3D263C97-3022-479F-B5CA-B1AD074282CE}.Release|Any CPU.Build.0 = Release|Any CPU
		{56C5A939-339C-4DF0-BB50-25E620FE6395}.Debug|Any CPU.ActiveCfg = Debug|Any CPU
		{56C5A939-339C-4DF0-BB50-25E620FE6395}.Debug|Any CPU.Build.0 = Debug|Any CPU
		{56C5A939-339C-4DF0-BB50-25E620FE6395}.Release|Any CPU.ActiveCfg = Release|Any CPU
		{56C5A939-339C-4DF0-BB50-25E620FE6395}.Release|Any CPU.Build.0 = Release|Any CPU
		{0939F738-5EE9-49E7-8DB4-FC327560000B}.Debug|Any CPU.ActiveCfg = Debug|Any CPU
		{0939F738-5EE9-49E7-8DB4-FC327560000B}.Debug|Any CPU.Build.0 = Debug|Any CPU
		{0939F738-5EE9-49E7-8DB4-FC327560000B}.Release|Any CPU.ActiveCfg = Release|Any CPU
		{0939F738-5EE9-49E7-8DB4-FC327560000B}.Release|Any CPU.Build.0 = Release|Any CPU
		{670A73BA-0F12-4D98-8E5B-6BD2581A0A6D}.Debug|Any CPU.ActiveCfg = Debug|Any CPU
		{670A73BA-0F12-4D98-8E5B-6BD2581A0A6D}.Debug|Any CPU.Build.0 = Debug|Any CPU
		{670A73BA-0F12-4D98-8E5B-6BD2581A0A6D}.Release|Any CPU.ActiveCfg = Release|Any CPU
		{670A73BA-0F12-4D98-8E5B-6BD2581A0A6D}.Release|Any CPU.Build.0 = Release|Any CPU
		{97635869-D1FC-4546-B252-BF83464474F2}.Debug|Any CPU.ActiveCfg = Debug|Any CPU
		{97635869-D1FC-4546-B252-BF83464474F2}.Debug|Any CPU.Build.0 = Debug|Any CPU
		{97635869-D1FC-4546-B252-BF83464474F2}.Release|Any CPU.ActiveCfg = Release|Any CPU
		{97635869-D1FC-4546-B252-BF83464474F2}.Release|Any CPU.Build.0 = Release|Any CPU
		{B6D536F4-6FFE-4859-8A29-2D3F15B49EB3}.Debug|Any CPU.ActiveCfg = Debug|Any CPU
		{B6D536F4-6FFE-4859-8A29-2D3F15B49EB3}.Debug|Any CPU.Build.0 = Debug|Any CPU
		{B6D536F4-6FFE-4859-8A29-2D3F15B49EB3}.Release|Any CPU.ActiveCfg = Release|Any CPU
		{B6D536F4-6FFE-4859-8A29-2D3F15B49EB3}.Release|Any CPU.Build.0 = Release|Any CPU
		{92CFE26A-2EB0-4EFB-83E3-B6D1168CC6B7}.Debug|Any CPU.ActiveCfg = Debug|Any CPU
		{92CFE26A-2EB0-4EFB-83E3-B6D1168CC6B7}.Debug|Any CPU.Build.0 = Debug|Any CPU
		{92CFE26A-2EB0-4EFB-83E3-B6D1168CC6B7}.Release|Any CPU.ActiveCfg = Release|Any CPU
		{92CFE26A-2EB0-4EFB-83E3-B6D1168CC6B7}.Release|Any CPU.Build.0 = Release|Any CPU
		{8DCD98CB-CB2D-42DA-8B05-0022B96613CE}.Debug|Any CPU.ActiveCfg = Debug|Any CPU
		{8DCD98CB-CB2D-42DA-8B05-0022B96613CE}.Debug|Any CPU.Build.0 = Debug|Any CPU
		{8DCD98CB-CB2D-42DA-8B05-0022B96613CE}.Release|Any CPU.ActiveCfg = Release|Any CPU
		{8DCD98CB-CB2D-42DA-8B05-0022B96613CE}.Release|Any CPU.Build.0 = Release|Any CPU
		{A4387C58-5A59-4789-B869-B0BE87F6CDCC}.Debug|Any CPU.ActiveCfg = Debug|Any CPU
		{A4387C58-5A59-4789-B869-B0BE87F6CDCC}.Debug|Any CPU.Build.0 = Debug|Any CPU
		{A4387C58-5A59-4789-B869-B0BE87F6CDCC}.Release|Any CPU.ActiveCfg = Release|Any CPU
		{A4387C58-5A59-4789-B869-B0BE87F6CDCC}.Release|Any CPU.Build.0 = Release|Any CPU
		{BDCC2E9E-E5EF-466C-ADEC-460CF28FB614}.Debug|Any CPU.ActiveCfg = Debug|Any CPU
		{BDCC2E9E-E5EF-466C-ADEC-460CF28FB614}.Debug|Any CPU.Build.0 = Debug|Any CPU
		{BDCC2E9E-E5EF-466C-ADEC-460CF28FB614}.Release|Any CPU.ActiveCfg = Release|Any CPU
		{BDCC2E9E-E5EF-466C-ADEC-460CF28FB614}.Release|Any CPU.Build.0 = Release|Any CPU
	EndGlobalSection
	GlobalSection(SolutionProperties) = preSolution
		HideSolutionNode = FALSE
	EndGlobalSection
	GlobalSection(ExtensibilityGlobals) = postSolution
		SolutionGuid = {0EBEDC94-7E63-4F83-93A3-A9F824796258}
	EndGlobalSection
EndGlobal
