
Microsoft Visual Studio Solution File, Format Version 12.00
# Visual Studio Version 16
VisualStudioVersion = 16.0.34031.81
MinimumVisualStudioVersion = 10.0.40219.1
Project("{FAE04EC0-301F-11D3-BF4B-00C04F79EFBC}") = "ConsoleApp4", "ConsoleApp4\ConsoleApp4.csproj", "{981B4A44-DD61-4443-81B8-EDC5DB3D6C0F}"
EndProject
Global
	GlobalSection(SolutionConfigurationPlatforms) = preSolution
		Debug|Any CPU = Debug|Any CPU
		Release|Any CPU = Release|Any CPU
	EndGlobalSection
	GlobalSection(ProjectConfigurationPlatforms) = postSolution
		{981B4A44-DD61-4443-81B8-EDC5DB3D6C0F}.Debug|Any CPU.ActiveCfg = Debug|Any CPU
		{981B4A44-DD61-4443-81B8-EDC5DB3D6C0F}.Debug|Any CPU.Build.0 = Debug|Any CPU
		{981B4A44-DD61-4443-81B8-EDC5DB3D6C0F}.Release|Any CPU.ActiveCfg = Release|Any CPU
		{981B4A44-DD61-4443-81B8-EDC5DB3D6C0F}.Release|Any CPU.Build.0 = Release|Any CPU
	EndGlobalSection
	GlobalSection(SolutionProperties) = preSolution
		HideSolutionNode = FALSE
	EndGlobalSection
	GlobalSection(ExtensibilityGlobals) = postSolution
		SolutionGuid = {2CF519F6-88D1-4508-8017-C6738F82DEF0}
	EndGlobalSection
EndGlobal
