
Microsoft Visual Studio Solution File, Format Version 12.00
# Visual Studio Version 16
VisualStudioVersion = 16.0.33328.57
MinimumVisualStudioVersion = 10.0.40219.1
Project("{FAE04EC0-301F-11D3-BF4B-00C04F79EFBC}") = "ConsoleApp4", "ConsoleApp4\ConsoleApp4.csproj", "{05BCFC85-CFDD-443D-958E-CEDD2160E1DE}"
EndProject
Global
	GlobalSection(SolutionConfigurationPlatforms) = preSolution
		Debug|Any CPU = Debug|Any CPU
		Release|Any CPU = Release|Any CPU
	EndGlobalSection
	GlobalSection(ProjectConfigurationPlatforms) = postSolution
		{05BCFC85-CFDD-443D-958E-CEDD2160E1DE}.Debug|Any CPU.ActiveCfg = Debug|Any CPU
		{05BCFC85-CFDD-443D-958E-CEDD2160E1DE}.Debug|Any CPU.Build.0 = Debug|Any CPU
		{05BCFC85-CFDD-443D-958E-CEDD2160E1DE}.Release|Any CPU.ActiveCfg = Release|Any CPU
		{05BCFC85-CFDD-443D-958E-CEDD2160E1DE}.Release|Any CPU.Build.0 = Release|Any CPU
	EndGlobalSection
	GlobalSection(SolutionProperties) = preSolution
		HideSolutionNode = FALSE
	EndGlobalSection
	GlobalSection(ExtensibilityGlobals) = postSolution
		SolutionGuid = {473AF897-6493-4687-89CB-9EBE88B6D250}
	EndGlobalSection
EndGlobal
