
Microsoft Visual Studio Solution File, Format Version 12.00
# Visual Studio Version 16
VisualStudioVersion = 16.0.33328.57
MinimumVisualStudioVersion = 10.0.40219.1
Project("{FAE04EC0-301F-11D3-BF4B-00C04F79EFBC}") = "WindowsFormsApp3", "WindowsFormsApp3\WindowsFormsApp3.csproj", "{B1EC8FAC-30EF-493B-98EF-03F35B2EBC0F}"
EndProject
Global
	GlobalSection(SolutionConfigurationPlatforms) = preSolution
		Debug|Any CPU = Debug|Any CPU
		Release|Any CPU = Release|Any CPU
	EndGlobalSection
	GlobalSection(ProjectConfigurationPlatforms) = postSolution
		{B1EC8FAC-30EF-493B-98EF-03F35B2EBC0F}.Debug|Any CPU.ActiveCfg = Debug|Any CPU
		{B1EC8FAC-30EF-493B-98EF-03F35B2EBC0F}.Debug|Any CPU.Build.0 = Debug|Any CPU
		{B1EC8FAC-30EF-493B-98EF-03F35B2EBC0F}.Release|Any CPU.ActiveCfg = Release|Any CPU
		{B1EC8FAC-30EF-493B-98EF-03F35B2EBC0F}.Release|Any CPU.Build.0 = Release|Any CPU
	EndGlobalSection
	GlobalSection(SolutionProperties) = preSolution
		HideSolutionNode = FALSE
	EndGlobalSection
	GlobalSection(ExtensibilityGlobals) = postSolution
		SolutionGuid = {B8285AF3-D1EB-4038-8276-EEEF14C6FAD5}
	EndGlobalSection
EndGlobal
