
Microsoft Visual Studio Solution File, Format Version 12.00
# Visual Studio Version 16
VisualStudioVersion = 16.0.34031.81
MinimumVisualStudioVersion = 10.0.40219.1
Project("{FAE04EC0-301F-11D3-BF4B-00C04F79EFBC}") = "ConsoleApp6", "ConsoleApp6\ConsoleApp6.csproj", "{83CDE891-B73B-4E65-847A-75C582C5F4BA}"
EndProject
Global
	GlobalSection(SolutionConfigurationPlatforms) = preSolution
		Debug|Any CPU = Debug|Any CPU
		Release|Any CPU = Release|Any CPU
	EndGlobalSection
	GlobalSection(ProjectConfigurationPlatforms) = postSolution
		{83CDE891-B73B-4E65-847A-75C582C5F4BA}.Debug|Any CPU.ActiveCfg = Debug|Any CPU
		{83CDE891-B73B-4E65-847A-75C582C5F4BA}.Debug|Any CPU.Build.0 = Debug|Any CPU
		{83CDE891-B73B-4E65-847A-75C582C5F4BA}.Release|Any CPU.ActiveCfg = Release|Any CPU
		{83CDE891-B73B-4E65-847A-75C582C5F4BA}.Release|Any CPU.Build.0 = Release|Any CPU
	EndGlobalSection
	GlobalSection(SolutionProperties) = preSolution
		HideSolutionNode = FALSE
	EndGlobalSection
	GlobalSection(ExtensibilityGlobals) = postSolution
		SolutionGuid = {F1D463D2-4E99-4261-9B03-2F30C8513426}
	EndGlobalSection
EndGlobal
