
Microsoft Visual Studio Solution File, Format Version 12.00
# Visual Studio Version 17
VisualStudioVersion = 17.5.33502.453
MinimumVisualStudioVersion = 10.0.40219.1
Project("{FAE04EC0-301F-11D3-BF4B-00C04F79EFBC}") = "ConsoleApp20", "ConsoleApp20.csproj", "{96524F92-7EF8-4F2B-8B51-1C6B0EE55815}"
EndProject
Global
	GlobalSection(SolutionConfigurationPlatforms) = preSolution
		Debug|Any CPU = Debug|Any CPU
		Release|Any CPU = Release|Any CPU
	EndGlobalSection
	GlobalSection(ProjectConfigurationPlatforms) = postSolution
		{96524F92-7EF8-4F2B-8B51-1C6B0EE55815}.Debug|Any CPU.ActiveCfg = Debug|Any CPU
		{96524F92-7EF8-4F2B-8B51-1C6B0EE55815}.Debug|Any CPU.Build.0 = Debug|Any CPU
		{96524F92-7EF8-4F2B-8B51-1C6B0EE55815}.Release|Any CPU.ActiveCfg = Release|Any CPU
		{96524F92-7EF8-4F2B-8B51-1C6B0EE55815}.Release|Any CPU.Build.0 = Release|Any CPU
	EndGlobalSection
	GlobalSection(SolutionProperties) = preSolution
		HideSolutionNode = FALSE
	EndGlobalSection
	GlobalSection(ExtensibilityGlobals) = postSolution
		SolutionGuid = {C668A209-B849-48DB-824D-BD5B61113FB0}
	EndGlobalSection
EndGlobal
