
Microsoft Visual Studio Solution File, Format Version 12.00
# Visual Studio Version 16
VisualStudioVersion = 16.0.33529.622
MinimumVisualStudioVersion = 10.0.40219.1
Project("{FAE04EC0-301F-11D3-BF4B-00C04F79EFBC}") = "ConsoleApp10", "ConsoleApp10\ConsoleApp10.csproj", "{6DCFD3C0-CC4C-4E6B-BD82-8E54861659D1}"
EndProject
Global
	GlobalSection(SolutionConfigurationPlatforms) = preSolution
		Debug|Any CPU = Debug|Any CPU
		Release|Any CPU = Release|Any CPU
	EndGlobalSection
	GlobalSection(ProjectConfigurationPlatforms) = postSolution
		{6DCFD3C0-CC4C-4E6B-BD82-8E54861659D1}.Debug|Any CPU.ActiveCfg = Debug|Any CPU
		{6DCFD3C0-CC4C-4E6B-BD82-8E54861659D1}.Debug|Any CPU.Build.0 = Debug|Any CPU
		{6DCFD3C0-CC4C-4E6B-BD82-8E54861659D1}.Release|Any CPU.ActiveCfg = Release|Any CPU
		{6DCFD3C0-CC4C-4E6B-BD82-8E54861659D1}.Release|Any CPU.Build.0 = Release|Any CPU
	EndGlobalSection
	GlobalSection(SolutionProperties) = preSolution
		HideSolutionNode = FALSE
	EndGlobalSection
	GlobalSection(ExtensibilityGlobals) = postSolution
		SolutionGuid = {C2284DA7-1D15-4E95-B4AC-096ABFFBC68D}
	EndGlobalSection
EndGlobal
