
Microsoft Visual Studio Solution File, Format Version 12.00
# Visual Studio Version 16
VisualStudioVersion = 16.0.33328.57
MinimumVisualStudioVersion = 10.0.40219.1
Project("{FAE04EC0-301F-11D3-BF4B-00C04F79EFBC}") = "WindowsFormsApp4", "WindowsFormsApp4\WindowsFormsApp4.csproj", "{06C91196-2E64-4D61-B0B5-45DF8D5CD800}"
EndProject
Global
	GlobalSection(SolutionConfigurationPlatforms) = preSolution
		Debug|Any CPU = Debug|Any CPU
		Release|Any CPU = Release|Any CPU
	EndGlobalSection
	GlobalSection(ProjectConfigurationPlatforms) = postSolution
		{06C91196-2E64-4D61-B0B5-45DF8D5CD800}.Debug|Any CPU.ActiveCfg = Debug|Any CPU
		{06C91196-2E64-4D61-B0B5-45DF8D5CD800}.Debug|Any CPU.Build.0 = Debug|Any CPU
		{06C91196-2E64-4D61-B0B5-45DF8D5CD800}.Release|Any CPU.ActiveCfg = Release|Any CPU
		{06C91196-2E64-4D61-B0B5-45DF8D5CD800}.Release|Any CPU.Build.0 = Release|Any CPU
	EndGlobalSection
	GlobalSection(SolutionProperties) = preSolution
		HideSolutionNode = FALSE
	EndGlobalSection
	GlobalSection(ExtensibilityGlobals) = postSolution
		SolutionGuid = {6C9DE00A-426F-4F6A-9D40-F058DED30129}
	EndGlobalSection
EndGlobal
