
Microsoft Visual Studio Solution File, Format Version 12.00
# Visual Studio Version 16
VisualStudioVersion = 16.0.33529.622
MinimumVisualStudioVersion = 10.0.40219.1
Project("{FAE04EC0-301F-11D3-BF4B-00C04F79EFBC}") = "ConsoleApp3", "ConsoleApp3\ConsoleApp3.csproj", "{0B4B724D-E802-4BD3-AD21-61B52A0C1501}"
EndProject
Global
	GlobalSection(SolutionConfigurationPlatforms) = preSolution
		Debug|Any CPU = Debug|Any CPU
		Release|Any CPU = Release|Any CPU
	EndGlobalSection
	GlobalSection(ProjectConfigurationPlatforms) = postSolution
		{0B4B724D-E802-4BD3-AD21-61B52A0C1501}.Debug|Any CPU.ActiveCfg = Debug|Any CPU
		{0B4B724D-E802-4BD3-AD21-61B52A0C1501}.Debug|Any CPU.Build.0 = Debug|Any CPU
		{0B4B724D-E802-4BD3-AD21-61B52A0C1501}.Release|Any CPU.ActiveCfg = Release|Any CPU
		{0B4B724D-E802-4BD3-AD21-61B52A0C1501}.Release|Any CPU.Build.0 = Release|Any CPU
	EndGlobalSection
	GlobalSection(SolutionProperties) = preSolution
		HideSolutionNode = FALSE
	EndGlobalSection
	GlobalSection(ExtensibilityGlobals) = postSolution
		SolutionGuid = {5896840A-18E8-4D2C-A785-0A809EC7F868}
	EndGlobalSection
EndGlobal
