
Microsoft Visual Studio Solution File, Format Version 12.00
# Visual Studio Version 16
VisualStudioVersion = 16.0.34031.81
MinimumVisualStudioVersion = 10.0.40219.1
Project("{FAE04EC0-301F-11D3-BF4B-00C04F79EFBC}") = "ConsoleApp4", "ConsoleApp4\ConsoleApp4.csproj", "{865BECF0-CECC-4D98-AF1C-CAAD9C86F296}"
EndProject
Global
	GlobalSection(SolutionConfigurationPlatforms) = preSolution
		Debug|Any CPU = Debug|Any CPU
		Release|Any CPU = Release|Any CPU
	EndGlobalSection
	GlobalSection(ProjectConfigurationPlatforms) = postSolution
		{865BECF0-CECC-4D98-AF1C-CAAD9C86F296}.Debug|Any CPU.ActiveCfg = Debug|Any CPU
		{865BECF0-CECC-4D98-AF1C-CAAD9C86F296}.Debug|Any CPU.Build.0 = Debug|Any CPU
		{865BECF0-CECC-4D98-AF1C-CAAD9C86F296}.Release|Any CPU.ActiveCfg = Release|Any CPU
		{865BECF0-CECC-4D98-AF1C-CAAD9C86F296}.Release|Any CPU.Build.0 = Release|Any CPU
	EndGlobalSection
	GlobalSection(SolutionProperties) = preSolution
		HideSolutionNode = FALSE
	EndGlobalSection
	GlobalSection(ExtensibilityGlobals) = postSolution
		SolutionGuid = {CB9462C8-914C-49F7-ABCB-B767D2185B14}
	EndGlobalSection
EndGlobal
