
Microsoft Visual Studio Solution File, Format Version 12.00
# Visual Studio Version 16
VisualStudioVersion = 16.0.33529.622
MinimumVisualStudioVersion = 10.0.40219.1
Project("{FAE04EC0-301F-11D3-BF4B-00C04F79EFBC}") = "0", "0\0.csproj", "{9AA9B11F-FEA5-4ABE-9E64-A981487F4889}"
EndProject
Project("{FAE04EC0-301F-11D3-BF4B-00C04F79EFBC}") = "1", "1\1.csproj", "{7312C030-DF4A-4FF8-9EB2-7600B3AA21BB}"
EndProject
Project("{FAE04EC0-301F-11D3-BF4B-00C04F79EFBC}") = "2", "2\2.csproj", "{2266E85C-307E-4F6A-979C-A0B303754362}"
EndProject
Global
	GlobalSection(SolutionConfigurationPlatforms) = preSolution
		Debug|Any CPU = Debug|Any CPU
		Release|Any CPU = Release|Any CPU
	EndGlobalSection
	GlobalSection(ProjectConfigurationPlatforms) = postSolution
		{9AA9B11F-FEA5-4ABE-9E64-A981487F4889}.Debug|Any CPU.ActiveCfg = Debug|Any CPU
		{9AA9B11F-FEA5-4ABE-9E64-A981487F4889}.Debug|Any CPU.Build.0 = Debug|Any CPU
		{9AA9B11F-FEA5-4ABE-9E64-A981487F4889}.Release|Any CPU.ActiveCfg = Release|Any CPU
		{9AA9B11F-FEA5-4ABE-9E64-A981487F4889}.Release|Any CPU.Build.0 = Release|Any CPU
		{7312C030-DF4A-4FF8-9EB2-7600B3AA21BB}.Debug|Any CPU.ActiveCfg = Debug|Any CPU
		{7312C030-DF4A-4FF8-9EB2-7600B3AA21BB}.Debug|Any CPU.Build.0 = Debug|Any CPU
		{7312C030-DF4A-4FF8-9EB2-7600B3AA21BB}.Release|Any CPU.ActiveCfg = Release|Any CPU
		{7312C030-DF4A-4FF8-9EB2-7600B3AA21BB}.Release|Any CPU.Build.0 = Release|Any CPU
		{2266E85C-307E-4F6A-979C-A0B303754362}.Debug|Any CPU.ActiveCfg = Debug|Any CPU
		{2266E85C-307E-4F6A-979C-A0B303754362}.Debug|Any CPU.Build.0 = Debug|Any CPU
		{2266E85C-307E-4F6A-979C-A0B303754362}.Release|Any CPU.ActiveCfg = Release|Any CPU
		{2266E85C-307E-4F6A-979C-A0B303754362}.Release|Any CPU.Build.0 = Release|Any CPU
	EndGlobalSection
	GlobalSection(SolutionProperties) = preSolution
		HideSolutionNode = FALSE
	EndGlobalSection
	GlobalSection(ExtensibilityGlobals) = postSolution
		SolutionGuid = {0EBEDC94-7E63-4F83-93A3-A9F824796258}
	EndGlobalSection
EndGlobal
