
Microsoft Visual Studio Solution File, Format Version 12.00
# Visual Studio Version 17
VisualStudioVersion = 17.5.33502.453
MinimumVisualStudioVersion = 10.0.40219.1
Project("{FAE04EC0-301F-11D3-BF4B-00C04F79EFBC}") = "ConsoleApp18", "ConsoleApp18.csproj", "{AECEE246-83B5-4F6C-A46A-9EA8E6927BE4}"
EndProject
Global
	GlobalSection(SolutionConfigurationPlatforms) = preSolution
		Debug|Any CPU = Debug|Any CPU
		Release|Any CPU = Release|Any CPU
	EndGlobalSection
	GlobalSection(ProjectConfigurationPlatforms) = postSolution
		{AECEE246-83B5-4F6C-A46A-9EA8E6927BE4}.Debug|Any CPU.ActiveCfg = Debug|Any CPU
		{AECEE246-83B5-4F6C-A46A-9EA8E6927BE4}.Debug|Any CPU.Build.0 = Debug|Any CPU
		{AECEE246-83B5-4F6C-A46A-9EA8E6927BE4}.Release|Any CPU.ActiveCfg = Release|Any CPU
		{AECEE246-83B5-4F6C-A46A-9EA8E6927BE4}.Release|Any CPU.Build.0 = Release|Any CPU
	EndGlobalSection
	GlobalSection(SolutionProperties) = preSolution
		HideSolutionNode = FALSE
	EndGlobalSection
	GlobalSection(ExtensibilityGlobals) = postSolution
		SolutionGuid = {7619FA76-E4D5-48A6-9DDF-DDE72FA82370}
	EndGlobalSection
EndGlobal
