
Microsoft Visual Studio Solution File, Format Version 12.00
# Visual Studio Version 16
VisualStudioVersion = 16.0.33328.57
MinimumVisualStudioVersion = 10.0.40219.1
Project("{FAE04EC0-301F-11D3-BF4B-00C04F79EFBC}") = "ConsoleApp3", "ConsoleApp3\ConsoleApp3.csproj", "{CE1BF1FB-AC60-46DC-BB79-EDBFDBFCBF4D}"
EndProject
Global
	GlobalSection(SolutionConfigurationPlatforms) = preSolution
		Debug|Any CPU = Debug|Any CPU
		Release|Any CPU = Release|Any CPU
	EndGlobalSection
	GlobalSection(ProjectConfigurationPlatforms) = postSolution
		{CE1BF1FB-AC60-46DC-BB79-EDBFDBFCBF4D}.Debug|Any CPU.ActiveCfg = Debug|Any CPU
		{CE1BF1FB-AC60-46DC-BB79-EDBFDBFCBF4D}.Debug|Any CPU.Build.0 = Debug|Any CPU
		{CE1BF1FB-AC60-46DC-BB79-EDBFDBFCBF4D}.Release|Any CPU.ActiveCfg = Release|Any CPU
		{CE1BF1FB-AC60-46DC-BB79-EDBFDBFCBF4D}.Release|Any CPU.Build.0 = Release|Any CPU
	EndGlobalSection
	GlobalSection(SolutionProperties) = preSolution
		HideSolutionNode = FALSE
	EndGlobalSection
	GlobalSection(ExtensibilityGlobals) = postSolution
		SolutionGuid = {714F9AE2-FF9E-4EF4-B6B9-6BA7B8DEB144}
	EndGlobalSection
EndGlobal
