
Microsoft Visual Studio Solution File, Format Version 12.00
# Visual Studio Version 16
VisualStudioVersion = 16.0.33328.57
MinimumVisualStudioVersion = 10.0.40219.1
Project("{FAE04EC0-301F-11D3-BF4B-00C04F79EFBC}") = "WindowsFormsApp1.2", "WindowsFormsApp1.2\WindowsFormsApp1.2.csproj", "{171F7F7C-2451-4377-A6B8-F58AA26E03EF}"
EndProject
Global
	GlobalSection(SolutionConfigurationPlatforms) = preSolution
		Debug|Any CPU = Debug|Any CPU
		Release|Any CPU = Release|Any CPU
	EndGlobalSection
	GlobalSection(ProjectConfigurationPlatforms) = postSolution
		{171F7F7C-2451-4377-A6B8-F58AA26E03EF}.Debug|Any CPU.ActiveCfg = Debug|Any CPU
		{171F7F7C-2451-4377-A6B8-F58AA26E03EF}.Debug|Any CPU.Build.0 = Debug|Any CPU
		{171F7F7C-2451-4377-A6B8-F58AA26E03EF}.Release|Any CPU.ActiveCfg = Release|Any CPU
		{171F7F7C-2451-4377-A6B8-F58AA26E03EF}.Release|Any CPU.Build.0 = Release|Any CPU
	EndGlobalSection
	GlobalSection(SolutionProperties) = preSolution
		HideSolutionNode = FALSE
	EndGlobalSection
	GlobalSection(ExtensibilityGlobals) = postSolution
		SolutionGuid = {A504384B-A959-49B1-A414-0EF829AB217F}
	EndGlobalSection
EndGlobal
