
Microsoft Visual Studio Solution File, Format Version 12.00
# Visual Studio Version 16
VisualStudioVersion = 16.0.33328.57
MinimumVisualStudioVersion = 10.0.40219.1
Project("{FAE04EC0-301F-11D3-BF4B-00C04F79EFBC}") = "ConsoleApp12", "ConsoleApp12\ConsoleApp12.csproj", "{8AAEA6EB-AAA1-4BAB-B8AA-BD93B5FC7BCA}"
EndProject
Global
	GlobalSection(SolutionConfigurationPlatforms) = preSolution
		Debug|Any CPU = Debug|Any CPU
		Release|Any CPU = Release|Any CPU
	EndGlobalSection
	GlobalSection(ProjectConfigurationPlatforms) = postSolution
		{8AAEA6EB-AAA1-4BAB-B8AA-BD93B5FC7BCA}.Debug|Any CPU.ActiveCfg = Debug|Any CPU
		{8AAEA6EB-AAA1-4BAB-B8AA-BD93B5FC7BCA}.Debug|Any CPU.Build.0 = Debug|Any CPU
		{8AAEA6EB-AAA1-4BAB-B8AA-BD93B5FC7BCA}.Release|Any CPU.ActiveCfg = Release|Any CPU
		{8AAEA6EB-AAA1-4BAB-B8AA-BD93B5FC7BCA}.Release|Any CPU.Build.0 = Release|Any CPU
	EndGlobalSection
	GlobalSection(SolutionProperties) = preSolution
		HideSolutionNode = FALSE
	EndGlobalSection
	GlobalSection(ExtensibilityGlobals) = postSolution
		SolutionGuid = {6DBFE9B1-D42C-4CF8-9B65-98F32E474FB8}
	EndGlobalSection
EndGlobal
