
Microsoft Visual Studio Solution File, Format Version 12.00
# Visual Studio Version 16
VisualStudioVersion = 16.0.33328.57
MinimumVisualStudioVersion = 10.0.40219.1
Project("{FAE04EC0-301F-11D3-BF4B-00C04F79EFBC}") = "ConsoleApp3", "ConsoleApp3\ConsoleApp3.csproj", "{C798C386-B2A6-4E5F-BD80-0978BE2F61D4}"
EndProject
Global
	GlobalSection(SolutionConfigurationPlatforms) = preSolution
		Debug|Any CPU = Debug|Any CPU
		Release|Any CPU = Release|Any CPU
	EndGlobalSection
	GlobalSection(ProjectConfigurationPlatforms) = postSolution
		{C798C386-B2A6-4E5F-BD80-0978BE2F61D4}.Debug|Any CPU.ActiveCfg = Debug|Any CPU
		{C798C386-B2A6-4E5F-BD80-0978BE2F61D4}.Debug|Any CPU.Build.0 = Debug|Any CPU
		{C798C386-B2A6-4E5F-BD80-0978BE2F61D4}.Release|Any CPU.ActiveCfg = Release|Any CPU
		{C798C386-B2A6-4E5F-BD80-0978BE2F61D4}.Release|Any CPU.Build.0 = Release|Any CPU
	EndGlobalSection
	GlobalSection(SolutionProperties) = preSolution
		HideSolutionNode = FALSE
	EndGlobalSection
	GlobalSection(ExtensibilityGlobals) = postSolution
		SolutionGuid = {54E3CE99-5023-41C9-85AB-530F8C3479D9}
	EndGlobalSection
EndGlobal
