
Microsoft Visual Studio Solution File, Format Version 12.00
# Visual Studio Version 16
VisualStudioVersion = 16.0.33328.57
MinimumVisualStudioVersion = 10.0.40219.1
Project("{FAE04EC0-301F-11D3-BF4B-00C04F79EFBC}") = "WindowsFormsApp3", "WindowsFormsApp3\WindowsFormsApp3.csproj", "{DFEE73C9-6E16-4ADD-9EC8-C4C0C19026BC}"
EndProject
Global
	GlobalSection(SolutionConfigurationPlatforms) = preSolution
		Debug|Any CPU = Debug|Any CPU
		Release|Any CPU = Release|Any CPU
	EndGlobalSection
	GlobalSection(ProjectConfigurationPlatforms) = postSolution
		{DFEE73C9-6E16-4ADD-9EC8-C4C0C19026BC}.Debug|Any CPU.ActiveCfg = Debug|Any CPU
		{DFEE73C9-6E16-4ADD-9EC8-C4C0C19026BC}.Debug|Any CPU.Build.0 = Debug|Any CPU
		{DFEE73C9-6E16-4ADD-9EC8-C4C0C19026BC}.Release|Any CPU.ActiveCfg = Release|Any CPU
		{DFEE73C9-6E16-4ADD-9EC8-C4C0C19026BC}.Release|Any CPU.Build.0 = Release|Any CPU
	EndGlobalSection
	GlobalSection(SolutionProperties) = preSolution
		HideSolutionNode = FALSE
	EndGlobalSection
	GlobalSection(ExtensibilityGlobals) = postSolution
		SolutionGuid = {9F868CAB-4178-40D4-BBF1-53D00A2BFFF7}
	EndGlobalSection
EndGlobal
