
Microsoft Visual Studio Solution File, Format Version 12.00
# Visual Studio Version 16
VisualStudioVersion = 16.0.33328.57
MinimumVisualStudioVersion = 10.0.40219.1
Project("{FAE04EC0-301F-11D3-BF4B-00C04F79EFBC}") = "ConsoleApp19", "ConsoleApp19\ConsoleApp19.csproj", "{B2CA55D8-398B-4684-AA79-946F65CB7469}"
EndProject
Global
	GlobalSection(SolutionConfigurationPlatforms) = preSolution
		Debug|Any CPU = Debug|Any CPU
		Release|Any CPU = Release|Any CPU
	EndGlobalSection
	GlobalSection(ProjectConfigurationPlatforms) = postSolution
		{B2CA55D8-398B-4684-AA79-946F65CB7469}.Debug|Any CPU.ActiveCfg = Debug|Any CPU
		{B2CA55D8-398B-4684-AA79-946F65CB7469}.Debug|Any CPU.Build.0 = Debug|Any CPU
		{B2CA55D8-398B-4684-AA79-946F65CB7469}.Release|Any CPU.ActiveCfg = Release|Any CPU
		{B2CA55D8-398B-4684-AA79-946F65CB7469}.Release|Any CPU.Build.0 = Release|Any CPU
	EndGlobalSection
	GlobalSection(SolutionProperties) = preSolution
		HideSolutionNode = FALSE
	EndGlobalSection
	GlobalSection(ExtensibilityGlobals) = postSolution
		SolutionGuid = {BE8F91E7-FFBF-476D-8F7F-4B3D6B5C982E}
	EndGlobalSection
EndGlobal
